
Microsoft Visual Studio Solution File, Format Version 12.00
# Visual Studio Version 16
VisualStudioVersion = 16.0.31729.503
MinimumVisualStudioVersion = 10.0.40219.1
Project("{FAE04EC0-301F-11D3-BF4B-00C04F79EFBC}") = "CourseProject", "CourseProject\CourseProject.csproj", "{2A83D765-1ECB-41E6-BFE5-89AA214A2503}"
EndProject
Global
	GlobalSection(SolutionConfigurationPlatforms) = preSolution
		Debug|Any CPU = Debug|Any CPU
		Release|Any CPU = Release|Any CPU
	EndGlobalSection
	GlobalSection(ProjectConfigurationPlatforms) = postSolution
		{2A83D765-1ECB-41E6-BFE5-89AA214A2503}.Debug|Any CPU.ActiveCfg = Debug|Any CPU
		{2A83D765-1ECB-41E6-BFE5-89AA214A2503}.Debug|Any CPU.Build.0 = Debug|Any CPU
		{2A83D765-1ECB-41E6-BFE5-89AA214A2503}.Release|Any CPU.ActiveCfg = Release|Any CPU
		{2A83D765-1ECB-41E6-BFE5-89AA214A2503}.Release|Any CPU.Build.0 = Release|Any CPU
	EndGlobalSection
	GlobalSection(SolutionProperties) = preSolution
		HideSolutionNode = FALSE
	EndGlobalSection
	GlobalSection(ExtensibilityGlobals) = postSolution
		SolutionGuid = {F0F2E779-0EFF-447E-A6AF-99549E4EE33A}
	EndGlobalSection
EndGlobal
